PODS:
  - Transloadit (2.0.3):
    - TUSKit
  - TUSKit (3.0.0)

DEPENDENCIES:
  - Transloadit (from `../`)
  - TUSKit (from `../../TUSKit`)

EXTERNAL SOURCES:
  Transloadit:
    :path: "../"
  TUSKit:
    :path: "../../TUSKit"

SPEC CHECKSUMS:
  Transloadit: 3085a728a33e00ba7fce5745a7b7d9d40e358c64
  TUSKit: 7e8b2df929a9e85778da317da3fac2720c89b502

PODFILE CHECKSUM: 4ff9dbf135cb0614bdaff31fb024949f3ec93420

COCOAPODS: 1.10.1
