PODS:
  - FBSnapshotTestCase (2.1.4):
    - FBSnapshotTestCase/SwiftSupport (= 2.1.4)
  - FBSnapshotTestCase/Core (2.1.4)
  - FBSnapshotTestCase/SwiftSupport (2.1.4):
    - FBSnapshotTestCase/Core
  - Transloadit (1.1.0):
    - TUSKit
  - TUSKit (1.4.2)

DEPENDENCIES:
  - FBSnapshotTestCase
  - Transloadit (from `..`)

SPEC REPOS:
  https://github.com/cocoapods/specs.git:
    - FBSnapshotTestCase
    - TUSKit

EXTERNAL SOURCES:
  Transloadit:
    :path: ".."

SPEC CHECKSUMS:
  FBSnapshotTestCase: 094f9f314decbabe373b87cc339bea235a63e07a
  Transloadit: 7003fad8b267516232dc3b37231d763300b5f5f6
  TUSKit: 4bcc2fe13e1b4d6c3bfbaca57d64e64c1be31201

PODFILE CHECKSUM: 1a3d11a4b32f23ad1fa04200c3d1b012c1b2fce7

COCOAPODS: 1.7.4
