{
  "object": {
    "pins": [
      {
        "package": "TUSKit",
        "repositoryURL": "https://github.com/tus/TUSKit",
        "state": {
          "branch": null,
          "revision": "cf691cb712b470088a14e17058c0902f2e2ac2c5",
          "version": "3.4.2"
        }
      }
    ]
  },
  "version": 1
}
