{
  "object": {
    "pins": [
      {
        "package": "TUSKit",
        "repositoryURL": "https://github.com/tus/TUSKit",
        "state": {
          "branch": null,
          "revision": "2fdba8f8359f1eb2cc0e8bbf1d66c578d79bf7ba",
          "version": "3.1.1"
        }
      }
    ]
  },
  "version": 1
}
