{
  "object": {
    "pins": [
      {
        "package": "TUSKit",
        "repositoryURL": "https://github.com/tus/TUSKit",
        "state": {
          "branch": "rewrite/start",
          "revision": "201c1c2801b3840a395833db20227d9cbf7ca7e9",
          "version": null
        }
      }
    ]
  },
  "version": 1
}
