{
  "object": {
    "pins": [
      {
        "package": "TUSKit",
        "repositoryURL": "https://github.com/tus/TUSKit",
        "state": {
          "branch": "rewrite/start",
          "revision": "d224f374a39794a15fd792d9ac606756ab45eb5a",
          "version": null
        }
      }
    ]
  },
  "version": 1
}
