{
  "object": {
    "pins": [
      {
        "package": "Atlantis",
        "repositoryURL": "https://github.com/ProxymanApp/atlantis",
        "state": {
          "branch": null,
          "revision": "5145a7041ec71421d09653db87dcc80c81792004",
          "version": "1.24.0"
        }
      },
      {
        "package": "TUSKit",
        "repositoryURL": "https://github.com/tus/TUSKit",
        "state": {
          "branch": null,
          "revision": "03d4421a6165a48f8fc1cda785ff30274e06370c",
          "version": "3.3.0"
        }
      }
    ]
  },
  "version": 1
}
